
Microsoft Visual Studio Solution File, Format Version 12.00
# Visual Studio Version 17
VisualStudioVersion = 17.3.32804.467
MinimumVisualStudioVersion = 10.0.40219.1
Project("{9A19103F-16F7-4668-BE54-9A1E7A4F7556}") = "MSPro.CLArgs", "..\src\MSPro.CLArgs\MSPro.CLArgs.csproj", "{9E17F75A-8915-4E98-8326-BBC18E748FAC}"
EndProject
Project("{2150E333-8FDC-42A3-9474-1A3956D46DE8}") = "SamplesV2", "SamplesV2", "{FE8F599B-C9CA-427B-9FAC-74F16B0693BD}"
EndProject
Project("{FAE04EC0-301F-11D3-BF4B-00C04F79EFBC}") = "ConsoleApp.NET", "ConsoleApp.NET\ConsoleApp.NET.csproj", "{38C5BC4D-E45B-4B1F-B3FD-E7F7F3B9306C}"
EndProject
Project("{FAE04EC0-301F-11D3-BF4B-00C04F79EFBC}") = "Demo02", "Demo02\Demo02.csproj", "{20319E92-F9A7-4DFE-AA0A-30FE2791773A}"
EndProject
Project("{FAE04EC0-301F-11D3-BF4B-00C04F79EFBC}") = "SampleCommands", "SampleCommands\SampleCommands.csproj", "{A3006714-EE18-410F-890D-805187F47EE6}"
EndProject
Project("{FAE04EC0-301F-11D3-BF4B-00C04F79EFBC}") = "Demo03", "Demo03\Demo03.csproj", "{30363A1F-3E98-462A-82E6-510B3924A6CD}"
EndProject
Project("{FAE04EC0-301F-11D3-BF4B-00C04F79EFBC}") = "Demo04", "Demo04\Demo04.csproj", "{AD2514EF-9CB0-49FD-9E66-C0A6F8843EEF}"
EndProject
Project("{FAE04EC0-301F-11D3-BF4B-00C04F79EFBC}") = "Demo05", "Demo05\Demo05.csproj", "{D5FEC7B1-F43A-4924-94CA-14DF17065FB5}"
EndProject
Project("{FAE04EC0-301F-11D3-BF4B-00C04F79EFBC}") = "Demo06", "Demo06\Demo06.csproj", "{571A59B1-4C12-45BF-8BE3-9F43218690D6}"
EndProject
Global
	GlobalSection(SolutionConfigurationPlatforms) = preSolution
		Debug|Any CPU = Debug|Any CPU
		Release|Any CPU = Release|Any CPU
	EndGlobalSection
	GlobalSection(ProjectConfigurationPlatforms) = postSolution
		{9E17F75A-8915-4E98-8326-BBC18E748FAC}.Debug|Any CPU.ActiveCfg = Debug|Any CPU
		{9E17F75A-8915-4E98-8326-BBC18E748FAC}.Debug|Any CPU.Build.0 = Debug|Any CPU
		{9E17F75A-8915-4E98-8326-BBC18E748FAC}.Release|Any CPU.ActiveCfg = Release|Any CPU
		{9E17F75A-8915-4E98-8326-BBC18E748FAC}.Release|Any CPU.Build.0 = Release|Any CPU
		{38C5BC4D-E45B-4B1F-B3FD-E7F7F3B9306C}.Debug|Any CPU.ActiveCfg = Debug|Any CPU
		{38C5BC4D-E45B-4B1F-B3FD-E7F7F3B9306C}.Debug|Any CPU.Build.0 = Debug|Any CPU
		{38C5BC4D-E45B-4B1F-B3FD-E7F7F3B9306C}.Release|Any CPU.ActiveCfg = Release|Any CPU
		{38C5BC4D-E45B-4B1F-B3FD-E7F7F3B9306C}.Release|Any CPU.Build.0 = Release|Any CPU
		{20319E92-F9A7-4DFE-AA0A-30FE2791773A}.Debug|Any CPU.ActiveCfg = Debug|Any CPU
		{20319E92-F9A7-4DFE-AA0A-30FE2791773A}.Debug|Any CPU.Build.0 = Debug|Any CPU
		{20319E92-F9A7-4DFE-AA0A-30FE2791773A}.Release|Any CPU.ActiveCfg = Release|Any CPU
		{20319E92-F9A7-4DFE-AA0A-30FE2791773A}.Release|Any CPU.Build.0 = Release|Any CPU
		{A3006714-EE18-410F-890D-805187F47EE6}.Debug|Any CPU.ActiveCfg = Debug|Any CPU
		{A3006714-EE18-410F-890D-805187F47EE6}.Debug|Any CPU.Build.0 = Debug|Any CPU
		{A3006714-EE18-410F-890D-805187F47EE6}.Release|Any CPU.ActiveCfg = Release|Any CPU
		{A3006714-EE18-410F-890D-805187F47EE6}.Release|Any CPU.Build.0 = Release|Any CPU
		{30363A1F-3E98-462A-82E6-510B3924A6CD}.Debug|Any CPU.ActiveCfg = Debug|Any CPU
		{30363A1F-3E98-462A-82E6-510B3924A6CD}.Debug|Any CPU.Build.0 = Debug|Any CPU
		{30363A1F-3E98-462A-82E6-510B3924A6CD}.Release|Any CPU.ActiveCfg = Release|Any CPU
		{30363A1F-3E98-462A-82E6-510B3924A6CD}.Release|Any CPU.Build.0 = Release|Any CPU
		{AD2514EF-9CB0-49FD-9E66-C0A6F8843EEF}.Debug|Any CPU.ActiveCfg = Debug|Any CPU
		{AD2514EF-9CB0-49FD-9E66-C0A6F8843EEF}.Debug|Any CPU.Build.0 = Debug|Any CPU
		{AD2514EF-9CB0-49FD-9E66-C0A6F8843EEF}.Release|Any CPU.ActiveCfg = Release|Any CPU
		{AD2514EF-9CB0-49FD-9E66-C0A6F8843EEF}.Release|Any CPU.Build.0 = Release|Any CPU
		{D5FEC7B1-F43A-4924-94CA-14DF17065FB5}.Debug|Any CPU.ActiveCfg = Debug|Any CPU
		{D5FEC7B1-F43A-4924-94CA-14DF17065FB5}.Debug|Any CPU.Build.0 = Debug|Any CPU
		{D5FEC7B1-F43A-4924-94CA-14DF17065FB5}.Release|Any CPU.ActiveCfg = Release|Any CPU
		{D5FEC7B1-F43A-4924-94CA-14DF17065FB5}.Release|Any CPU.Build.0 = Release|Any CPU
		{571A59B1-4C12-45BF-8BE3-9F43218690D6}.Debug|Any CPU.ActiveCfg = Debug|Any CPU
		{571A59B1-4C12-45BF-8BE3-9F43218690D6}.Debug|Any CPU.Build.0 = Debug|Any CPU
		{571A59B1-4C12-45BF-8BE3-9F43218690D6}.Release|Any CPU.ActiveCfg = Release|Any CPU
		{571A59B1-4C12-45BF-8BE3-9F43218690D6}.Release|Any CPU.Build.0 = Release|Any CPU
	EndGlobalSection
	GlobalSection(SolutionProperties) = preSolution
		HideSolutionNode = FALSE
	EndGlobalSection
	GlobalSection(NestedProjects) = preSolution
		{38C5BC4D-E45B-4B1F-B3FD-E7F7F3B9306C} = {FE8F599B-C9CA-427B-9FAC-74F16B0693BD}
		{20319E92-F9A7-4DFE-AA0A-30FE2791773A} = {FE8F599B-C9CA-427B-9FAC-74F16B0693BD}
		{A3006714-EE18-410F-890D-805187F47EE6} = {FE8F599B-C9CA-427B-9FAC-74F16B0693BD}
		{30363A1F-3E98-462A-82E6-510B3924A6CD} = {FE8F599B-C9CA-427B-9FAC-74F16B0693BD}
		{AD2514EF-9CB0-49FD-9E66-C0A6F8843EEF} = {FE8F599B-C9CA-427B-9FAC-74F16B0693BD}
		{D5FEC7B1-F43A-4924-94CA-14DF17065FB5} = {FE8F599B-C9CA-427B-9FAC-74F16B0693BD}
		{571A59B1-4C12-45BF-8BE3-9F43218690D6} = {FE8F599B-C9CA-427B-9FAC-74F16B0693BD}
	EndGlobalSection
	GlobalSection(ExtensibilityGlobals) = postSolution
		SolutionGuid = {53069044-4047-46DA-82A5-398BD4D2A254}
	EndGlobalSection
EndGlobal
