
Microsoft Visual Studio Solution File, Format Version 12.00
# Visual Studio Version 17
VisualStudioVersion = 17.3.32804.467
MinimumVisualStudioVersion = 10.0.40219.1
Project("{9A19103F-16F7-4668-BE54-9A1E7A4F7556}") = "Sample00.ParseOnly", "Sample00.ParseOnly\Sample00.ParseOnly.csproj", "{6143C319-BDFD-4BE0-A0FF-AB9213DD47DE}"
EndProject
Project("{2150E333-8FDC-42A3-9474-1A3956D46DE8}") = "Samples", "Samples", "{FF4C03AA-2241-4D92-825A-0D48EF2F081F}"
EndProject
Project("{9A19103F-16F7-4668-BE54-9A1E7A4F7556}") = "Sample02.Verbs", "Sample02.Verbs\Sample02.Verbs.csproj", "{27ABE321-EB5C-4101-ADD6-8A6B59864CD5}"
EndProject
Project("{9A19103F-16F7-4668-BE54-9A1E7A4F7556}") = "Sample01.SimpleAsThat", "Sample01.SimpleAsThat\Sample01.SimpleAsThat.csproj", "{7C6B0A28-8B50-4B8F-9167-C4D6A42135B1}"
EndProject
Project("{9A19103F-16F7-4668-BE54-9A1E7A4F7556}") = "Sample.ArgumentsOptions", "More\Sample.ArgumentsOptions\Sample.ArgumentsOptions.csproj", "{999452BE-16A5-4648-97E6-11F16DC2C445}"
EndProject
Project("{9A19103F-16F7-4668-BE54-9A1E7A4F7556}") = "MSPro.CLArgs", "..\src\MSPro.CLArgs\MSPro.CLArgs.csproj", "{9E17F75A-8915-4E98-8326-BBC18E748FAC}"
EndProject
Project("{2150E333-8FDC-42A3-9474-1A3956D46DE8}") = "More", "More", "{7E3ACF74-F5DE-43AA-BB07-E9423F74154E}"
EndProject
Project("{9A19103F-16F7-4668-BE54-9A1E7A4F7556}") = "Sample04.DynamicDefault", "Sample04.DynamicDefault\Sample04.DynamicDefault.csproj", "{C2115629-D066-4DF3-9AA6-E897FC90361E}"
EndProject
Project("{9A19103F-16F7-4668-BE54-9A1E7A4F7556}") = "Sample05.ValueConversion", "Sample05.ValueConversion\Sample05.ValueConversion.csproj", "{876F41B8-5A99-472B-A2D5-83CDB160EEF5}"
EndProject
Project("{9A19103F-16F7-4668-BE54-9A1E7A4F7556}") = "Sample03.Options", "Sample03.Options\Sample03.Options.csproj", "{B4F1CC9F-ADE0-483F-A069-605E36816D70}"
EndProject
Project("{9A19103F-16F7-4668-BE54-9A1E7A4F7556}") = "Sample06.ConfigFile", "Sample06.ConfigFile\Sample06.ConfigFile.csproj", "{4B8BC2F8-8C7E-446F-84DF-07A8989EC8A8}"
EndProject
Project("{9A19103F-16F7-4668-BE54-9A1E7A4F7556}") = "Sample07.Targets", "Sample07.Targets\Sample07.Targets.csproj", "{CF59DBA5-2B42-426F-A522-1D0E9204FBDF}"
EndProject
Project("{9A19103F-16F7-4668-BE54-9A1E7A4F7556}") = "Sample.ConvertToUtc", "Sample.ConvertToUtc\Sample.ConvertToUtc.csproj", "{AC907842-6A69-4D98-93ED-C1B77E6B8A9E}"
EndProject
Project("{9A19103F-16F7-4668-BE54-9A1E7A4F7556}") = "XUnitTest", "..\src\XUnitTest\XUnitTest.csproj", "{3A6C4FBF-B7D0-4F74-88F7-90B2798B5166}"
EndProject
Project("{2150E333-8FDC-42A3-9474-1A3956D46DE8}") = "v1", "v1", "{2D93795E-4B24-49D9-B78D-CD24A7642401}"
EndProject
Global
	GlobalSection(SolutionConfigurationPlatforms) = preSolution
		Debug|Any CPU = Debug|Any CPU
		Release|Any CPU = Release|Any CPU
	EndGlobalSection
	GlobalSection(ProjectConfigurationPlatforms) = postSolution
		{6143C319-BDFD-4BE0-A0FF-AB9213DD47DE}.Debug|Any CPU.ActiveCfg = Debug|Any CPU
		{6143C319-BDFD-4BE0-A0FF-AB9213DD47DE}.Debug|Any CPU.Build.0 = Debug|Any CPU
		{6143C319-BDFD-4BE0-A0FF-AB9213DD47DE}.Release|Any CPU.ActiveCfg = Release|Any CPU
		{6143C319-BDFD-4BE0-A0FF-AB9213DD47DE}.Release|Any CPU.Build.0 = Release|Any CPU
		{27ABE321-EB5C-4101-ADD6-8A6B59864CD5}.Debug|Any CPU.ActiveCfg = Debug|Any CPU
		{27ABE321-EB5C-4101-ADD6-8A6B59864CD5}.Debug|Any CPU.Build.0 = Debug|Any CPU
		{27ABE321-EB5C-4101-ADD6-8A6B59864CD5}.Release|Any CPU.ActiveCfg = Release|Any CPU
		{27ABE321-EB5C-4101-ADD6-8A6B59864CD5}.Release|Any CPU.Build.0 = Release|Any CPU
		{7C6B0A28-8B50-4B8F-9167-C4D6A42135B1}.Debug|Any CPU.ActiveCfg = Debug|Any CPU
		{7C6B0A28-8B50-4B8F-9167-C4D6A42135B1}.Debug|Any CPU.Build.0 = Debug|Any CPU
		{7C6B0A28-8B50-4B8F-9167-C4D6A42135B1}.Release|Any CPU.ActiveCfg = Release|Any CPU
		{7C6B0A28-8B50-4B8F-9167-C4D6A42135B1}.Release|Any CPU.Build.0 = Release|Any CPU
		{999452BE-16A5-4648-97E6-11F16DC2C445}.Debug|Any CPU.ActiveCfg = Debug|Any CPU
		{999452BE-16A5-4648-97E6-11F16DC2C445}.Debug|Any CPU.Build.0 = Debug|Any CPU
		{999452BE-16A5-4648-97E6-11F16DC2C445}.Release|Any CPU.ActiveCfg = Release|Any CPU
		{999452BE-16A5-4648-97E6-11F16DC2C445}.Release|Any CPU.Build.0 = Release|Any CPU
		{9E17F75A-8915-4E98-8326-BBC18E748FAC}.Debug|Any CPU.ActiveCfg = Debug|Any CPU
		{9E17F75A-8915-4E98-8326-BBC18E748FAC}.Debug|Any CPU.Build.0 = Debug|Any CPU
		{9E17F75A-8915-4E98-8326-BBC18E748FAC}.Release|Any CPU.ActiveCfg = Release|Any CPU
		{9E17F75A-8915-4E98-8326-BBC18E748FAC}.Release|Any CPU.Build.0 = Release|Any CPU
		{C2115629-D066-4DF3-9AA6-E897FC90361E}.Debug|Any CPU.ActiveCfg = Debug|Any CPU
		{C2115629-D066-4DF3-9AA6-E897FC90361E}.Debug|Any CPU.Build.0 = Debug|Any CPU
		{C2115629-D066-4DF3-9AA6-E897FC90361E}.Release|Any CPU.ActiveCfg = Release|Any CPU
		{C2115629-D066-4DF3-9AA6-E897FC90361E}.Release|Any CPU.Build.0 = Release|Any CPU
		{876F41B8-5A99-472B-A2D5-83CDB160EEF5}.Debug|Any CPU.ActiveCfg = Debug|Any CPU
		{876F41B8-5A99-472B-A2D5-83CDB160EEF5}.Debug|Any CPU.Build.0 = Debug|Any CPU
		{876F41B8-5A99-472B-A2D5-83CDB160EEF5}.Release|Any CPU.ActiveCfg = Release|Any CPU
		{876F41B8-5A99-472B-A2D5-83CDB160EEF5}.Release|Any CPU.Build.0 = Release|Any CPU
		{B4F1CC9F-ADE0-483F-A069-605E36816D70}.Debug|Any CPU.ActiveCfg = Debug|Any CPU
		{B4F1CC9F-ADE0-483F-A069-605E36816D70}.Debug|Any CPU.Build.0 = Debug|Any CPU
		{B4F1CC9F-ADE0-483F-A069-605E36816D70}.Release|Any CPU.ActiveCfg = Release|Any CPU
		{B4F1CC9F-ADE0-483F-A069-605E36816D70}.Release|Any CPU.Build.0 = Release|Any CPU
		{4B8BC2F8-8C7E-446F-84DF-07A8989EC8A8}.Debug|Any CPU.ActiveCfg = Debug|Any CPU
		{4B8BC2F8-8C7E-446F-84DF-07A8989EC8A8}.Debug|Any CPU.Build.0 = Debug|Any CPU
		{4B8BC2F8-8C7E-446F-84DF-07A8989EC8A8}.Release|Any CPU.ActiveCfg = Release|Any CPU
		{4B8BC2F8-8C7E-446F-84DF-07A8989EC8A8}.Release|Any CPU.Build.0 = Release|Any CPU
		{CF59DBA5-2B42-426F-A522-1D0E9204FBDF}.Debug|Any CPU.ActiveCfg = Debug|Any CPU
		{CF59DBA5-2B42-426F-A522-1D0E9204FBDF}.Debug|Any CPU.Build.0 = Debug|Any CPU
		{CF59DBA5-2B42-426F-A522-1D0E9204FBDF}.Release|Any CPU.ActiveCfg = Release|Any CPU
		{CF59DBA5-2B42-426F-A522-1D0E9204FBDF}.Release|Any CPU.Build.0 = Release|Any CPU
		{AC907842-6A69-4D98-93ED-C1B77E6B8A9E}.Debug|Any CPU.ActiveCfg = Debug|Any CPU
		{AC907842-6A69-4D98-93ED-C1B77E6B8A9E}.Debug|Any CPU.Build.0 = Debug|Any CPU
		{AC907842-6A69-4D98-93ED-C1B77E6B8A9E}.Release|Any CPU.ActiveCfg = Release|Any CPU
		{AC907842-6A69-4D98-93ED-C1B77E6B8A9E}.Release|Any CPU.Build.0 = Release|Any CPU
		{3A6C4FBF-B7D0-4F74-88F7-90B2798B5166}.Debug|Any CPU.ActiveCfg = Debug|Any CPU
		{3A6C4FBF-B7D0-4F74-88F7-90B2798B5166}.Debug|Any CPU.Build.0 = Debug|Any CPU
		{3A6C4FBF-B7D0-4F74-88F7-90B2798B5166}.Release|Any CPU.ActiveCfg = Release|Any CPU
		{3A6C4FBF-B7D0-4F74-88F7-90B2798B5166}.Release|Any CPU.Build.0 = Release|Any CPU
	EndGlobalSection
	GlobalSection(SolutionProperties) = preSolution
		HideSolutionNode = FALSE
	EndGlobalSection
	GlobalSection(NestedProjects) = preSolution
		{6143C319-BDFD-4BE0-A0FF-AB9213DD47DE} = {2D93795E-4B24-49D9-B78D-CD24A7642401}
		{27ABE321-EB5C-4101-ADD6-8A6B59864CD5} = {2D93795E-4B24-49D9-B78D-CD24A7642401}
		{7C6B0A28-8B50-4B8F-9167-C4D6A42135B1} = {2D93795E-4B24-49D9-B78D-CD24A7642401}
		{999452BE-16A5-4648-97E6-11F16DC2C445} = {7E3ACF74-F5DE-43AA-BB07-E9423F74154E}
		{7E3ACF74-F5DE-43AA-BB07-E9423F74154E} = {2D93795E-4B24-49D9-B78D-CD24A7642401}
		{C2115629-D066-4DF3-9AA6-E897FC90361E} = {2D93795E-4B24-49D9-B78D-CD24A7642401}
		{876F41B8-5A99-472B-A2D5-83CDB160EEF5} = {2D93795E-4B24-49D9-B78D-CD24A7642401}
		{B4F1CC9F-ADE0-483F-A069-605E36816D70} = {2D93795E-4B24-49D9-B78D-CD24A7642401}
		{4B8BC2F8-8C7E-446F-84DF-07A8989EC8A8} = {2D93795E-4B24-49D9-B78D-CD24A7642401}
		{CF59DBA5-2B42-426F-A522-1D0E9204FBDF} = {2D93795E-4B24-49D9-B78D-CD24A7642401}
		{AC907842-6A69-4D98-93ED-C1B77E6B8A9E} = {2D93795E-4B24-49D9-B78D-CD24A7642401}
		{2D93795E-4B24-49D9-B78D-CD24A7642401} = {FF4C03AA-2241-4D92-825A-0D48EF2F081F}
	EndGlobalSection
	GlobalSection(ExtensibilityGlobals) = postSolution
		SolutionGuid = {53069044-4047-46DA-82A5-398BD4D2A254}
	EndGlobalSection
EndGlobal
