
Microsoft Visual Studio Solution File, Format Version 12.00
# Visual Studio Version 16
VisualStudioVersion = 16.0.30204.135
MinimumVisualStudioVersion = 10.0.40219.1
Project("{9A19103F-16F7-4668-BE54-9A1E7A4F7556}") = "SuperSimple", "SuperSimple.csproj", "{19BDB5FF-87C3-4952-8A31-7D4DD0DF88D2}"
EndProject
Global
	GlobalSection(SolutionConfigurationPlatforms) = preSolution
		Debug|Any CPU = Debug|Any CPU
		Release|Any CPU = Release|Any CPU
	EndGlobalSection
	GlobalSection(ProjectConfigurationPlatforms) = postSolution
		{19BDB5FF-87C3-4952-8A31-7D4DD0DF88D2}.Debug|Any CPU.ActiveCfg = Debug|Any CPU
		{19BDB5FF-87C3-4952-8A31-7D4DD0DF88D2}.Debug|Any CPU.Build.0 = Debug|Any CPU
		{19BDB5FF-87C3-4952-8A31-7D4DD0DF88D2}.Release|Any CPU.ActiveCfg = Release|Any CPU
		{19BDB5FF-87C3-4952-8A31-7D4DD0DF88D2}.Release|Any CPU.Build.0 = Release|Any CPU
	EndGlobalSection
	GlobalSection(SolutionProperties) = preSolution
		HideSolutionNode = FALSE
	EndGlobalSection
	GlobalSection(ExtensibilityGlobals) = postSolution
		SolutionGuid = {22483B64-91F6-4932-A312-A29FAC93C948}
	EndGlobalSection
EndGlobal
