
Microsoft Visual Studio Solution File, Format Version 12.00
# Visual Studio Version 16
VisualStudioVersion = 16.0.30204.135
MinimumVisualStudioVersion = 10.0.40219.1
Project("{9A19103F-16F7-4668-BE54-9A1E7A4F7556}") = "MSPro.CLArgs", "MSPro.CLArgs\MSPro.CLArgs.csproj", "{1DB85F98-CA63-44C7-98F9-ACA28D7A2C3C}"
EndProject
Project("{FAE04EC0-301F-11D3-BF4B-00C04F79EFBC}") = "Sample1", "..\samples\Level1\Sample1\Sample1.csproj", "{6143C319-BDFD-4BE0-A0FF-AB9213DD47DE}"
EndProject
Global
	GlobalSection(SolutionConfigurationPlatforms) = preSolution
		Debug|Any CPU = Debug|Any CPU
		Release|Any CPU = Release|Any CPU
	EndGlobalSection
	GlobalSection(ProjectConfigurationPlatforms) = postSolution
		{1DB85F98-CA63-44C7-98F9-ACA28D7A2C3C}.Debug|Any CPU.ActiveCfg = Debug|Any CPU
		{1DB85F98-CA63-44C7-98F9-ACA28D7A2C3C}.Debug|Any CPU.Build.0 = Debug|Any CPU
		{1DB85F98-CA63-44C7-98F9-ACA28D7A2C3C}.Release|Any CPU.ActiveCfg = Release|Any CPU
		{1DB85F98-CA63-44C7-98F9-ACA28D7A2C3C}.Release|Any CPU.Build.0 = Release|Any CPU
		{6143C319-BDFD-4BE0-A0FF-AB9213DD47DE}.Debug|Any CPU.ActiveCfg = Debug|Any CPU
		{6143C319-BDFD-4BE0-A0FF-AB9213DD47DE}.Debug|Any CPU.Build.0 = Debug|Any CPU
		{6143C319-BDFD-4BE0-A0FF-AB9213DD47DE}.Release|Any CPU.ActiveCfg = Release|Any CPU
		{6143C319-BDFD-4BE0-A0FF-AB9213DD47DE}.Release|Any CPU.Build.0 = Release|Any CPU
	EndGlobalSection
	GlobalSection(SolutionProperties) = preSolution
		HideSolutionNode = FALSE
	EndGlobalSection
	GlobalSection(ExtensibilityGlobals) = postSolution
		SolutionGuid = {53069044-4047-46DA-82A5-398BD4D2A254}
	EndGlobalSection
EndGlobal
